{
  "name": "f1companion",
  "version": "1.0.0",
  "lockfileVersion": 2,
  "requires": true,
  "packages": {
    "": {
      "name": "f1companion",
      "version": "1.0.0",
      "license": "ISC",
      "dependencies": {
        "f1-2021-udp": "^1.15.989"
      }
    },
    "node_modules/binary-parser": {
      "version": "2.1.0",
      "resolved": "https://registry.npmjs.org/binary-parser/-/binary-parser-2.1.0.tgz",
      "integrity": "sha512-R6WS2W7a7UHAFYLm0vWlk5M2aTayOjiyBZp+bvUZPUteuU5hI9BaREHKAFLgpq/nKheMgSxZOzpe/x3NxddqiQ==",
      "engines": {
        "node": ">=12"
      }
    },
    "node_modules/f1-2021-udp": {
      "version": "1.15.989",
      "resolved": "https://registry.npmjs.org/f1-2021-udp/-/f1-2021-udp-1.15.989.tgz",
      "integrity": "sha512-LgqaWk9jvy2I3vD1Gt2nKpDECfYFK+P39FZgsIJoG0uxZlPyP+dSfJ0LPPiIbt3tTszLP3aafNtmUJeefRm26w==",
      "dependencies": {
        "binary-parser": "2.1.0"
      },
      "bin": {
        "forward": "bin/index.js"
      },
      "engines": {
        "node": ">=12"
      }
    }
  },
  "dependencies": {
    "binary-parser": {
      "version": "2.1.0",
      "resolved": "https://registry.npmjs.org/binary-parser/-/binary-parser-2.1.0.tgz",
      "integrity": "sha512-R6WS2W7a7UHAFYLm0vWlk5M2aTayOjiyBZp+bvUZPUteuU5hI9BaREHKAFLgpq/nKheMgSxZOzpe/x3NxddqiQ=="
    },
    "f1-2021-udp": {
      "version": "1.15.989",
      "resolved": "https://registry.npmjs.org/f1-2021-udp/-/f1-2021-udp-1.15.989.tgz",
      "integrity": "sha512-LgqaWk9jvy2I3vD1Gt2nKpDECfYFK+P39FZgsIJoG0uxZlPyP+dSfJ0LPPiIbt3tTszLP3aafNtmUJeefRm26w==",
      "requires": {
        "binary-parser": "2.1.0"
      }
    }
  }
}
